
Microsoft Visual Studio Solution File, Format Version 12.00
# Visual Studio Version 17
VisualStudioVersion = 17.1.32210.238
MinimumVisualStudioVersion = 10.0.40219.1
Project("{9A19103F-16F7-4668-BE54-9A1E7A4F7556}") = "Dentist.Api", "Dentist.Api\Dentist.Api.csproj", "{CD848AE7-1B80-4063-9E4A-9023D24F7C72}"
EndProject
Project("{9A19103F-16F7-4668-BE54-9A1E7A4F7556}") = "Dentist.Common", "Dentist.Common\Dentist.Common.csproj", "{2BA035B5-E7CD-4AD6-8B7D-97ECF1DB834C}"
EndProject
Project("{9A19103F-16F7-4668-BE54-9A1E7A4F7556}") = "Dentist.Data.Sql", "Dentist.Data.Sql\Dentist.Data.Sql.csproj", "{275BEB9B-BDD7-4314-9F51-1A63F5A021F5}"
EndProject
Project("{9A19103F-16F7-4668-BE54-9A1E7A4F7556}") = "Dentist.Domain", "Dentist.Domain\Dentist.Domain.csproj", "{4E5A89F4-A755-44FB-98E7-DB30B0BE0041}"
EndProject
Project("{9A19103F-16F7-4668-BE54-9A1E7A4F7556}") = "Dentist.IData", "Dentist.IData\Dentist.IData.csproj", "{8D11C87B-8E23-4460-B59D-B3BCE1956297}"
EndProject
Project("{9A19103F-16F7-4668-BE54-9A1E7A4F7556}") = "Dentist.Infrastructure", "Dentist.Infrastructure\Dentist.Infrastructure.csproj", "{66B17603-F89F-4952-99F3-7A9B462400BB}"
EndProject
Project("{9A19103F-16F7-4668-BE54-9A1E7A4F7556}") = "Dentist.IServices", "Dentist.IServices\Dentist.IServices.csproj", "{BFBB5264-FABA-4CD1-AA7E-D9BCE6550E31}"
EndProject
Project("{9A19103F-16F7-4668-BE54-9A1E7A4F7556}") = "Dentist.Services", "Dentist.Services\Dentist.Services.csproj", "{644251F1-8882-4B8B-98CE-DD06AB49195D}"
EndProject
Project("{9A19103F-16F7-4668-BE54-9A1E7A4F7556}") = "Dentist.Data.Sql.Tests", "Dentist.Data.Sql.Tests\Dentist.Data.Sql.Tests.csproj", "{694848B3-0FD5-46C8-9345-9AFC82649440}"
EndProject
Project("{9A19103F-16F7-4668-BE54-9A1E7A4F7556}") = "Dentist.Domain.Tests", "Dentist.Domain.Tests\Dentist.Domain.Tests.csproj", "{845A6748-EA75-425A-907E-22B97AC61D7F}"
EndProject
Project("{9A19103F-16F7-4668-BE54-9A1E7A4F7556}") = "Dentist.Services.Tests", "Dentist.Services.Tests\Dentist.Services.Tests.csproj", "{E8817D41-9AF9-43D2-A3E3-990146BB2C24}"
EndProject
Project("{2150E333-8FDC-42A3-9474-1A3956D46DE8}") = "Tests", "Tests", "{452C1C79-5F01-41F6-B09D-AC1EF496496C}"
EndProject
Global
	GlobalSection(SolutionConfigurationPlatforms) = preSolution
		Debug|Any CPU = Debug|Any CPU
		Release|Any CPU = Release|Any CPU
	EndGlobalSection
	GlobalSection(ProjectConfigurationPlatforms) = postSolution
		{CD848AE7-1B80-4063-9E4A-9023D24F7C72}.Debug|Any CPU.ActiveCfg = Debug|Any CPU
		{CD848AE7-1B80-4063-9E4A-9023D24F7C72}.Debug|Any CPU.Build.0 = Debug|Any CPU
		{CD848AE7-1B80-4063-9E4A-9023D24F7C72}.Release|Any CPU.ActiveCfg = Release|Any CPU
		{CD848AE7-1B80-4063-9E4A-9023D24F7C72}.Release|Any CPU.Build.0 = Release|Any CPU
		{2BA035B5-E7CD-4AD6-8B7D-97ECF1DB834C}.Debug|Any CPU.ActiveCfg = Debug|Any CPU
		{2BA035B5-E7CD-4AD6-8B7D-97ECF1DB834C}.Debug|Any CPU.Build.0 = Debug|Any CPU
		{2BA035B5-E7CD-4AD6-8B7D-97ECF1DB834C}.Release|Any CPU.ActiveCfg = Release|Any CPU
		{2BA035B5-E7CD-4AD6-8B7D-97ECF1DB834C}.Release|Any CPU.Build.0 = Release|Any CPU
		{275BEB9B-BDD7-4314-9F51-1A63F5A021F5}.Debug|Any CPU.ActiveCfg = Debug|Any CPU
		{275BEB9B-BDD7-4314-9F51-1A63F5A021F5}.Debug|Any CPU.Build.0 = Debug|Any CPU
		{275BEB9B-BDD7-4314-9F51-1A63F5A021F5}.Release|Any CPU.ActiveCfg = Release|Any CPU
		{275BEB9B-BDD7-4314-9F51-1A63F5A021F5}.Release|Any CPU.Build.0 = Release|Any CPU
		{4E5A89F4-A755-44FB-98E7-DB30B0BE0041}.Debug|Any CPU.ActiveCfg = Debug|Any CPU
		{4E5A89F4-A755-44FB-98E7-DB30B0BE0041}.Debug|Any CPU.Build.0 = Debug|Any CPU
		{4E5A89F4-A755-44FB-98E7-DB30B0BE0041}.Release|Any CPU.ActiveCfg = Release|Any CPU
		{4E5A89F4-A755-44FB-98E7-DB30B0BE0041}.Release|Any CPU.Build.0 = Release|Any CPU
		{8D11C87B-8E23-4460-B59D-B3BCE1956297}.Debug|Any CPU.ActiveCfg = Debug|Any CPU
		{8D11C87B-8E23-4460-B59D-B3BCE1956297}.Debug|Any CPU.Build.0 = Debug|Any CPU
		{8D11C87B-8E23-4460-B59D-B3BCE1956297}.Release|Any CPU.ActiveCfg = Release|Any CPU
		{8D11C87B-8E23-4460-B59D-B3BCE1956297}.Release|Any CPU.Build.0 = Release|Any CPU
		{66B17603-F89F-4952-99F3-7A9B462400BB}.Debug|Any CPU.ActiveCfg = Debug|Any CPU
		{66B17603-F89F-4952-99F3-7A9B462400BB}.Debug|Any CPU.Build.0 = Debug|Any CPU
		{66B17603-F89F-4952-99F3-7A9B462400BB}.Release|Any CPU.ActiveCfg = Release|Any CPU
		{66B17603-F89F-4952-99F3-7A9B462400BB}.Release|Any CPU.Build.0 = Release|Any CPU
		{BFBB5264-FABA-4CD1-AA7E-D9BCE6550E31}.Debug|Any CPU.ActiveCfg = Debug|Any CPU
		{BFBB5264-FABA-4CD1-AA7E-D9BCE6550E31}.Debug|Any CPU.Build.0 = Debug|Any CPU
		{BFBB5264-FABA-4CD1-AA7E-D9BCE6550E31}.Release|Any CPU.ActiveCfg = Release|Any CPU
		{BFBB5264-FABA-4CD1-AA7E-D9BCE6550E31}.Release|Any CPU.Build.0 = Release|Any CPU
		{644251F1-8882-4B8B-98CE-DD06AB49195D}.Debug|Any CPU.ActiveCfg = Debug|Any CPU
		{644251F1-8882-4B8B-98CE-DD06AB49195D}.Debug|Any CPU.Build.0 = Debug|Any CPU
		{644251F1-8882-4B8B-98CE-DD06AB49195D}.Release|Any CPU.ActiveCfg = Release|Any CPU
		{644251F1-8882-4B8B-98CE-DD06AB49195D}.Release|Any CPU.Build.0 = Release|Any CPU
		{694848B3-0FD5-46C8-9345-9AFC82649440}.Debug|Any CPU.ActiveCfg = Debug|Any CPU
		{694848B3-0FD5-46C8-9345-9AFC82649440}.Debug|Any CPU.Build.0 = Debug|Any CPU
		{694848B3-0FD5-46C8-9345-9AFC82649440}.Release|Any CPU.ActiveCfg = Release|Any CPU
		{694848B3-0FD5-46C8-9345-9AFC82649440}.Release|Any CPU.Build.0 = Release|Any CPU
		{845A6748-EA75-425A-907E-22B97AC61D7F}.Debug|Any CPU.ActiveCfg = Debug|Any CPU
		{845A6748-EA75-425A-907E-22B97AC61D7F}.Debug|Any CPU.Build.0 = Debug|Any CPU
		{845A6748-EA75-425A-907E-22B97AC61D7F}.Release|Any CPU.ActiveCfg = Release|Any CPU
		{845A6748-EA75-425A-907E-22B97AC61D7F}.Release|Any CPU.Build.0 = Release|Any CPU
		{E8817D41-9AF9-43D2-A3E3-990146BB2C24}.Debug|Any CPU.ActiveCfg = Debug|Any CPU
		{E8817D41-9AF9-43D2-A3E3-990146BB2C24}.Debug|Any CPU.Build.0 = Debug|Any CPU
		{E8817D41-9AF9-43D2-A3E3-990146BB2C24}.Release|Any CPU.ActiveCfg = Release|Any CPU
		{E8817D41-9AF9-43D2-A3E3-990146BB2C24}.Release|Any CPU.Build.0 = Release|Any CPU
	EndGlobalSection
	GlobalSection(SolutionProperties) = preSolution
		HideSolutionNode = FALSE
	EndGlobalSection
	GlobalSection(NestedProjects) = preSolution
		{694848B3-0FD5-46C8-9345-9AFC82649440} = {452C1C79-5F01-41F6-B09D-AC1EF496496C}
		{845A6748-EA75-425A-907E-22B97AC61D7F} = {452C1C79-5F01-41F6-B09D-AC1EF496496C}
		{E8817D41-9AF9-43D2-A3E3-990146BB2C24} = {452C1C79-5F01-41F6-B09D-AC1EF496496C}
	EndGlobalSection
	GlobalSection(ExtensibilityGlobals) = postSolution
		SolutionGuid = {7295A333-643A-4140-BE58-F5B1411736F3}
	EndGlobalSection
EndGlobal
