
Microsoft Visual Studio Solution File, Format Version 12.00
# Visual Studio Version 17
VisualStudioVersion = 17.1.32210.238
MinimumVisualStudioVersion = 10.0.40219.1
Project("{FAE04EC0-301F-11D3-BF4B-00C04F79EFBC}") = "Dentist.Common", "Dentist.Common\Dentist.Common.csproj", "{3FAB89AE-1FAC-4E0C-822F-51C32A830598}"
EndProject
Global
	GlobalSection(SolutionConfigurationPlatforms) = preSolution
		Debug|Any CPU = Debug|Any CPU
		Release|Any CPU = Release|Any CPU
	EndGlobalSection
	GlobalSection(ProjectConfigurationPlatforms) = postSolution
		{3FAB89AE-1FAC-4E0C-822F-51C32A830598}.Debug|Any CPU.ActiveCfg = Debug|Any CPU
		{3FAB89AE-1FAC-4E0C-822F-51C32A830598}.Debug|Any CPU.Build.0 = Debug|Any CPU
		{3FAB89AE-1FAC-4E0C-822F-51C32A830598}.Release|Any CPU.ActiveCfg = Release|Any CPU
		{3FAB89AE-1FAC-4E0C-822F-51C32A830598}.Release|Any CPU.Build.0 = Release|Any CPU
	EndGlobalSection
	GlobalSection(SolutionProperties) = preSolution
		HideSolutionNode = FALSE
	EndGlobalSection
	GlobalSection(ExtensibilityGlobals) = postSolution
		SolutionGuid = {8FB5BDEB-F6CB-4A56-94E6-69DD24389672}
	EndGlobalSection
EndGlobal
