
Microsoft Visual Studio Solution File, Format Version 12.00
# Visual Studio Version 17
VisualStudioVersion = 17.1.32210.238
MinimumVisualStudioVersion = 10.0.40219.1
Project("{FAE04EC0-301F-11D3-BF4B-00C04F79EFBC}") = "Dentist.Data.Sql", "Dentist.Data.Sql\Dentist.Data.Sql.csproj", "{62667E20-A92F-404D-9A9D-05416DFB1BDB}"
EndProject
Global
	GlobalSection(SolutionConfigurationPlatforms) = preSolution
		Debug|Any CPU = Debug|Any CPU
		Release|Any CPU = Release|Any CPU
	EndGlobalSection
	GlobalSection(ProjectConfigurationPlatforms) = postSolution
		{62667E20-A92F-404D-9A9D-05416DFB1BDB}.Debug|Any CPU.ActiveCfg = Debug|Any CPU
		{62667E20-A92F-404D-9A9D-05416DFB1BDB}.Debug|Any CPU.Build.0 = Debug|Any CPU
		{62667E20-A92F-404D-9A9D-05416DFB1BDB}.Release|Any CPU.ActiveCfg = Release|Any CPU
		{62667E20-A92F-404D-9A9D-05416DFB1BDB}.Release|Any CPU.Build.0 = Release|Any CPU
	EndGlobalSection
	GlobalSection(SolutionProperties) = preSolution
		HideSolutionNode = FALSE
	EndGlobalSection
	GlobalSection(ExtensibilityGlobals) = postSolution
		SolutionGuid = {B9979E01-3168-4C9E-961A-43ECAF603DC2}
	EndGlobalSection
EndGlobal
